
Microsoft Visual Studio Solution File, Format Version 12.00
# Visual Studio Version 16
VisualStudioVersion = 16.0.31702.278
MinimumVisualStudioVersion = 10.0.40219.1
Project("{9A19103F-16F7-4668-BE54-9A1E7A4F7556}") = "BikeRental.API", "BikeRental.API\BikeRental.API.csproj", "{36B90A0C-77F9-41C8-A468-8E3F2E1ECB44}"
EndProject
Project("{9A19103F-16F7-4668-BE54-9A1E7A4F7556}") = "BikeRental.Data", "BikeRental.Data\BikeRental.Data.csproj", "{C38F8353-375B-404C-A0C3-1D151FB237DE}"
EndProject
Project("{9A19103F-16F7-4668-BE54-9A1E7A4F7556}") = "BikeRental.Business", "BikeRental.Business\BikeRental.Business.csproj", "{8C219B03-F6EC-414C-8A08-A695B565C8BC}"
EndProject
Global
	GlobalSection(SolutionConfigurationPlatforms) = preSolution
		Debug|Any CPU = Debug|Any CPU
		Release|Any CPU = Release|Any CPU
	EndGlobalSection
	GlobalSection(ProjectConfigurationPlatforms) = postSolution
		{36B90A0C-77F9-41C8-A468-8E3F2E1ECB44}.Debug|Any CPU.ActiveCfg = Debug|Any CPU
		{36B90A0C-77F9-41C8-A468-8E3F2E1ECB44}.Debug|Any CPU.Build.0 = Debug|Any CPU
		{36B90A0C-77F9-41C8-A468-8E3F2E1ECB44}.Release|Any CPU.ActiveCfg = Release|Any CPU
		{36B90A0C-77F9-41C8-A468-8E3F2E1ECB44}.Release|Any CPU.Build.0 = Release|Any CPU
		{C38F8353-375B-404C-A0C3-1D151FB237DE}.Debug|Any CPU.ActiveCfg = Debug|Any CPU
		{C38F8353-375B-404C-A0C3-1D151FB237DE}.Debug|Any CPU.Build.0 = Debug|Any CPU
		{C38F8353-375B-404C-A0C3-1D151FB237DE}.Release|Any CPU.ActiveCfg = Release|Any CPU
		{C38F8353-375B-404C-A0C3-1D151FB237DE}.Release|Any CPU.Build.0 = Release|Any CPU
		{8C219B03-F6EC-414C-8A08-A695B565C8BC}.Debug|Any CPU.ActiveCfg = Debug|Any CPU
		{8C219B03-F6EC-414C-8A08-A695B565C8BC}.Debug|Any CPU.Build.0 = Debug|Any CPU
		{8C219B03-F6EC-414C-8A08-A695B565C8BC}.Release|Any CPU.ActiveCfg = Release|Any CPU
		{8C219B03-F6EC-414C-8A08-A695B565C8BC}.Release|Any CPU.Build.0 = Release|Any CPU
	EndGlobalSection
	GlobalSection(SolutionProperties) = preSolution
		HideSolutionNode = FALSE
	EndGlobalSection
	GlobalSection(ExtensibilityGlobals) = postSolution
		SolutionGuid = {643AC551-A830-4583-B65D-2FD4CDC0AEE5}
	EndGlobalSection
EndGlobal
